github.com/dblohm7/wingoes v0.0.0-20250822163801-6d8e6105c62d h1:QRKpU+9ZBDs62LyBfwhZkJdB5DJX2Sm3p4kUh7l1aA0=
github.com/dblohm7/wingoes v0.0.0-20250822163801-6d8e6105c62d/go.mod h1:SUxUaAK/0UG5lYyZR1L1nC4AaYYvSSYTWQSH3FPcxKU=
github.com/intel-go/cpuid v0.0.0-20220614022739-219e067757cb h1:Fg0Y/RDZ6UPwl3o7/IzPbneDq8g9+gH6DPs42KFUsy8=
github.com/intel-go/cpuid v0.0.0-20220614022739-219e067757cb/go.mod h1:RmeVYf9XrPRbRc3XIx0gLYA8qOFvNoPOfaEZduRlEp4=
github.com/nfnt/resize v0.0.0-20180221191011-83c6a9932646 h1:zYyBkD/k9seD2A7fsi6Oo2LfFZAehjjQMERAvZLEDnQ=
github.com/nfnt/resize v0.0.0-20180221191011-83c6a9932646/go.mod h1:jpp1/29i3P1S/RLdc7JQKbRpFeM1dOBd8T9ki5s+AY8=
github.com/tailscale/walk v0.0.0-20240108184108-6a278000867c h1:ae253wBb81mm12KjLAgclX3yoSqlNIJGPv75RDCUSNY=
github.com/tailscale/walk v0.0.0-20240108184108-6a278000867c/go.mod h1:Gfr0f015WTTUOroY5UICn/mlyIZdTa2moSmPpAub9Ys=
github.com/tailscale/win v0.0.0-20250627215312-f4da2b8ee071 h1:qo7kOhoN5DHioXNlFytBzIoA5glW6lsb8YqV0lP3IyE=
github.com/tailscale/win v0.0.0-20250627215312-f4da2b8ee071/go.mod h1:aMd4yDHLjbOuYP6fMxj1d9ACDQlSWwYztcpybGHCQc8=
github.com/tc-hib/winres v0.2.1 h1:YDE0FiP0VmtRaDn7+aaChp1KiF4owBiJa5l964l5ujA=
github.com/tc-hib/winres v0.2.1/go.mod h1:C/JaNhH3KBvhNKVbvdlDWkbMDO9H4fKKDaN7/07SSuk=
golang.org/x/exp v0.0.0-20251219203646-944ab1f22d93 h1:fQsdNF2N+/YewlRZiricy4P1iimyPKZ/xwniHj8Q2a0=
golang.org/x/exp v0.0.0-20251219203646-944ab1f22d93/go.mod h1:EPRbTFwzwjXj9NpYyyrvenVh9Y+GFeEvMNh7Xuz7xgU=
golang.org/x/image v0.12.0 h1:w13vZbU4o5rKOFFR8y7M+c4A5jXDC0uXTdHYRP8X2DQ=
golang.org/x/image v0.12.0/go.mod h1:Lu90jvHG7GfemOIcldsh9A2hS01ocl6oNO7ype5mEnk=
golang.org/x/sys v0.39.0 h1:CvCKL8MeisomCi6qNZ+wbb0DN9E5AATixKsvNtMoMFk=
golang.org/x/sys v0.39.0/go.mod h1:OgkHotnGiDImocRcuBABYBEXf8A9a87e/uXjp9XT3ks=
gopkg.in/Knetic/govaluate.v3 v3.0.0 h1:18mUyIt4ZlRlFZAAfVetz4/rzlJs9yhN+U02F4u1AOc=
gopkg.in/Knetic/govaluate.v3 v3.0.0/go.mod h1:csKLBORsPbafmSCGTEh3U7Ozmsuq8ZSIlKk1bcqph0E=
